# This file is autogenerated, do not edit; changes may be undone by the next 'dep ensure'.


[[projects]]
  branch = "master"
  name = "github.com/atotto/clipboard"
  packages = ["."]
  revision = "bc5958e1c8339112fc3347a89f3c482f416a69d3"

[[projects]]
  name = "github.com/tidwall/gjson"
  packages = ["."]
  revision = "87033efcaec6215741137e8ca61952c53ef2685d"
  version = "v1.0.6"

[[projects]]
  branch = "master"
  name = "github.com/tidwall/match"
  packages = ["."]
  revision = "1731857f09b1f38450e2c12409748407822dc6be"

[solve-meta]
  analyzer-name = "dep"
  analyzer-version = 1
  inputs-digest = "841a7f5e5b914a2cb50e7e8562bb495fe70fe46d50fb9ff26dc4ac8c21c25a11"
  solver-name = "gps-cdcl"
  solver-version = 1
